
Microsoft Visual Studio Solution File, Format Version 12.00
# Visual Studio Version 17
VisualStudioVersion = 17.7.34031.279
MinimumVisualStudioVersion = 10.0.40219.1
Project("{FAE04EC0-301F-11D3-BF4B-00C04F79EFBC}") = "Calculator_formul", "Calculator_formul.csproj", "{EB773225-51B6-46DA-8C02-277805351615}"
EndProject
Global
	GlobalSection(SolutionConfigurationPlatforms) = preSolution
		Debug|Any CPU = Debug|Any CPU
		Release|Any CPU = Release|Any CPU
	EndGlobalSection
	GlobalSection(ProjectConfigurationPlatforms) = postSolution
		{EB773225-51B6-46DA-8C02-277805351615}.Debug|Any CPU.ActiveCfg = Debug|Any CPU
		{EB773225-51B6-46DA-8C02-277805351615}.Debug|Any CPU.Build.0 = Debug|Any CPU
		{EB773225-51B6-46DA-8C02-277805351615}.Release|Any CPU.ActiveCfg = Release|Any CPU
		{EB773225-51B6-46DA-8C02-277805351615}.Release|Any CPU.Build.0 = Release|Any CPU
	EndGlobalSection
	GlobalSection(SolutionProperties) = preSolution
		HideSolutionNode = FALSE
	EndGlobalSection
	GlobalSection(ExtensibilityGlobals) = postSolution
		SolutionGuid = {CA2584C7-9474-42A4-83A2-118FBAC297B7}
	EndGlobalSection
EndGlobal
